
Microsoft Visual Studio Solution File, Format Version 12.00
# Visual Studio Version 17
VisualStudioVersion = 17.8.34525.116
MinimumVisualStudioVersion = 10.0.40219.1
Project("{FAE04EC0-301F-11D3-BF4B-00C04F79EFBC}") = "SSHPublicKeyConverter", "SSHPublicKeyConverter.csproj", "{38DB4A81-5DCA-4188-AF74-39F017ECBF98}"
EndProject
Global
	GlobalSection(SolutionConfigurationPlatforms) = preSolution
		Debug|Any CPU = Debug|Any CPU
		Release|Any CPU = Release|Any CPU
	EndGlobalSection
	GlobalSection(ProjectConfigurationPlatforms) = postSolution
		{38DB4A81-5DCA-4188-AF74-39F017ECBF98}.Debug|Any CPU.ActiveCfg = Debug|Any CPU
		{38DB4A81-5DCA-4188-AF74-39F017ECBF98}.Debug|Any CPU.Build.0 = Debug|Any CPU
		{38DB4A81-5DCA-4188-AF74-39F017ECBF98}.Release|Any CPU.ActiveCfg = Release|Any CPU
		{38DB4A81-5DCA-4188-AF74-39F017ECBF98}.Release|Any CPU.Build.0 = Release|Any CPU
	EndGlobalSection
	GlobalSection(SolutionProperties) = preSolution
		HideSolutionNode = FALSE
	EndGlobalSection
	GlobalSection(ExtensibilityGlobals) = postSolution
		SolutionGuid = {5DB84856-082B-41FC-AE53-14AECA5B97A3}
	EndGlobalSection
EndGlobal
